
Microsoft Visual Studio Solution File, Format Version 11.00
# Visual Studio 2010
Project("{FAE04EC0-301F-11D3-BF4B-00C04F79EFBC}") = "Survival Shooter Tutorial", "Assembly-CSharp.csproj", "{A1E3F159-DCBE-E16B-5BD2-1EDF9B19D706}"
EndProject
Project("{FAE04EC0-301F-11D3-BF4B-00C04F79EFBC}") = "Survival Shooter Tutorial", "Assembly-CSharp-Editor.csproj", "{3FF45D69-CF4C-00B3-F542-6C28C3A18861}"
EndProject
Global
	GlobalSection(SolutionConfigurationPlatforms) = preSolution
		Debug|Any CPU = Debug|Any CPU
		Release|Any CPU = Release|Any CPU
	EndGlobalSection
	GlobalSection(ProjectConfigurationPlatforms) = postSolution
		{A1E3F159-DCBE-E16B-5BD2-1EDF9B19D706}.Debug|Any CPU.ActiveCfg = Debug|Any CPU
		{A1E3F159-DCBE-E16B-5BD2-1EDF9B19D706}.Debug|Any CPU.Build.0 = Debug|Any CPU
		{A1E3F159-DCBE-E16B-5BD2-1EDF9B19D706}.Release|Any CPU.ActiveCfg = Release|Any CPU
		{A1E3F159-DCBE-E16B-5BD2-1EDF9B19D706}.Release|Any CPU.Build.0 = Release|Any CPU
		{3FF45D69-CF4C-00B3-F542-6C28C3A18861}.Debug|Any CPU.ActiveCfg = Debug|Any CPU
		{3FF45D69-CF4C-00B3-F542-6C28C3A18861}.Debug|Any CPU.Build.0 = Debug|Any CPU
		{3FF45D69-CF4C-00B3-F542-6C28C3A18861}.Release|Any CPU.ActiveCfg = Release|Any CPU
		{3FF45D69-CF4C-00B3-F542-6C28C3A18861}.Release|Any CPU.Build.0 = Release|Any CPU
	EndGlobalSection
	GlobalSection(SolutionProperties) = preSolution
		HideSolutionNode = FALSE
	EndGlobalSection
	GlobalSection(MonoDevelopProperties) = preSolution
		StartupItem = Assembly-CSharp.csproj
	EndGlobalSection
EndGlobal
